<?xml version="1.0" encoding="utf-8"?>
<Project ToolsVersion="4.0" xmlns="http://schemas.microsoft.com/developer/msbuild/2003">
  <ItemGroup>
    <Filter Include="ソース ファイル">
      <UniqueIdentifier>{4FC737F1-C7A5-4376-A066-2A32D752A2FF}</UniqueIdentifier>
      <Extensions>cpp;c;cc;cxx;def;odl;idl;hpj;bat;asm;asmx</Extensions>
    </Filter>
    <Filter Include="ヘッダー ファイル">
      <UniqueIdentifier>{93995380-89BD-4b04-88EB-625FBE52EBFB}</UniqueIdentifier>
      <Extensions>h;hh;hpp;hxx;hm;inl;inc;ipp;xsd</Extensions>
    </Filter>
    <Filter Include="リソース ファイル">
      <UniqueIdentifier>{67DA6AB6-F800-4c08-8B7A-83BB121AAD01}</UniqueIdentifier>
      <Extensions>rc;ico;cur;bmp;dlg;rc2;rct;bin;rgs;gif;jpg;jpeg;jpe;resx;tiff;tif;png;wav;mfcribbon-ms</Extensions>
    </Filter>
    <Filter Include="gameLib">
      <UniqueIdentifier>{e0799a07-c915-4123-854e-e9dcc0561929}</UniqueIdentifier>
    </Filter>
    <Filter Include="gameLib\Headers">
      <UniqueIdentifier>{d5dc6318-4fa9-4265-8604-9cb2faf005e2}</UniqueIdentifier>
    </Filter>
    <Filter Include="gameLib\Sources">
      <UniqueIdentifier>{35eba075-0e33-467e-b807-922216340816}</UniqueIdentifier>
    </Filter>
    <Filter Include="gameLib\Shaders">
      <UniqueIdentifier>{91f6ceaa-8841-443b-abe4-abc3e2dacded}</UniqueIdentifier>
    </Filter>
    <Filter Include="ImGui">
      <UniqueIdentifier>{7415a256-0b66-4722-9656-67cbac588b3d}</UniqueIdentifier>
    </Filter>
    <Filter Include="ヘッダー ファイル\Scene">
      <UniqueIdentifier>{83784b31-1265-4a1c-b8e8-a1b046b673ee}</UniqueIdentifier>
    </Filter>
    <Filter Include="ソース ファイル\Scene">
      <UniqueIdentifier>{44340e29-9d13-459d-baeb-ecf8a4f6ad3e}</UniqueIdentifier>
    </Filter>
    <Filter Include="シェーダー">
      <UniqueIdentifier>{8c8ac49e-6b74-4bf0-b0ea-4aade901f9f0}</UniqueIdentifier>
    </Filter>
    <Filter Include="ヘッダー ファイル\Gpu">
      <UniqueIdentifier>{7540535b-b557-4d6e-9f81-14a1e94a54e6}</UniqueIdentifier>
    </Filter>
    <Filter Include="ソース ファイル\Gpu">
      <UniqueIdentifier>{d5153abe-3a72-401e-91e1-f5a2fff48997}</UniqueIdentifier>
    </Filter>
    <Filter Include="シェーダー\Compute">
      <UniqueIdentifier>{82bbbb93-1f45-4381-b909-9e5fcf655938}</UniqueIdentifier>
    </Filter>
    <Filter Include="シェーダー\Render">
      <UniqueIdentifier>{20854616-3498-45ad-890c-c672bbc18eef}</UniqueIdentifier>
    </Filter>
    <Filter Include="gameLib\Headers\Cameea">
      <UniqueIdentifier>{6b5e4a83-24c8-4025-a319-550a949d5915}</UniqueIdentifier>
    </Filter>
    <Filter Include="gameLib\Sources\Camera">
      <UniqueIdentifier>{0d077c40-318d-4506-94f8-f4cc7361ea0c}</UniqueIdentifier>
    </Filter>
    <Filter Include="ヘッダー ファイル\Particle">
      <UniqueIdentifier>{1a179aa4-5761-4e1d-99d0-7ea7aa382079}</UniqueIdentifier>
    </Filter>
    <Filter Include="ソース ファイル\Particle">
      <UniqueIdentifier>{f03d30ad-a63c-47cc-bd17-8bdacbc056af}</UniqueIdentifier>
    </Filter>
    <Filter Include="シェーダー\Compute\Particle">
      <UniqueIdentifier>{91356e50-8f87-4e06-893b-3768cfa6b208}</UniqueIdentifier>
    </Filter>
    <Filter Include="gameLib\Shaders\ポストエフェクト">
      <UniqueIdentifier>{988b4474-bfe6-4fc3-92af-2dac20a9370e}</UniqueIdentifier>
    </Filter>
    <Filter Include="gameLib\Headers\ポストエフェクト">
      <UniqueIdentifier>{9fbf77dc-ed7c-430c-9e30-e735fed79be8}</UniqueIdentifier>
    </Filter>
    <Filter Include="gameLib\Headers\描画用データ%28buffer,state,shader%29">
      <UniqueIdentifier>{2fe5a26f-7298-4fcc-bcf0-c6ee7aa8708b}</UniqueIdentifier>
    </Filter>
    <Filter Include="gameLib\Sources\ポストエフェクト">
      <UniqueIdentifier>{9d597f44-491e-48bd-8764-40df10c7a0d8}</UniqueIdentifier>
    </Filter>
    <Filter Include="gameLib\Sources\描画用データ%28buffer,state,shader%29">
      <UniqueIdentifier>{3f55a2e9-d920-4f90-a1cf-61d330f6605b}</UniqueIdentifier>
    </Filter>
  </ItemGroup>
  <ItemGroup>
    <ClCompile Include="External_Libraries\imgui\imgui.cpp">
      <Filter>ImGui</Filter>
    </ClCompile>
    <ClCompile Include="External_Libraries\imgui\imgui_demo.cpp">
      <Filter>ImGui</Filter>
    </ClCompile>
    <ClCompile Include="External_Libraries\imgui\imgui_draw.cpp">
      <Filter>ImGui</Filter>
    </ClCompile>
    <ClCompile Include="External_Libraries\imgui\imgui_impl_dx11.cpp">
      <Filter>ImGui</Filter>
    </ClCompile>
    <ClCompile Include="External_Libraries\imgui\imgui_impl_win32.cpp">
      <Filter>ImGui</Filter>
    </ClCompile>
    <ClCompile Include="External_Libraries\imgui\imgui_widgets.cpp">
      <Filter>ImGui</Filter>
    </ClCompile>
    <ClCompile Include="Source\Lib\Sources\board.cpp">
      <Filter>gameLib\Sources</Filter>
    </ClCompile>
    <ClCompile Include="Source\Lib\Sources\character.cpp">
      <Filter>gameLib\Sources</Filter>
    </ClCompile>
    <ClCompile Include="Source\Lib\Sources\cubebuffer.cpp">
      <Filter>gameLib\Sources</Filter>
    </ClCompile>
    <ClCompile Include="Source\Lib\Sources\direct_input.cpp">
      <Filter>gameLib\Sources</Filter>
    </ClCompile>
    <ClCompile Include="Source\Lib\Sources\fbx_load.cpp">
      <Filter>gameLib\Sources</Filter>
    </ClCompile>
    <ClCompile Include="Source\Lib\Sources\framework.cpp">
      <Filter>gameLib\Sources</Filter>
    </ClCompile>
    <ClCompile Include="Source\Lib\Sources\gamepad.cpp">
      <Filter>gameLib\Sources</Filter>
    </ClCompile>
    <ClCompile Include="Source\Lib\Sources\geometric_primitive.cpp">
      <Filter>gameLib\Sources</Filter>
    </ClCompile>
    <ClCompile Include="Source\Lib\Sources\main.cpp">
      <Filter>gameLib\Sources</Filter>
    </ClCompile>
    <ClCompile Include="Source\Lib\Sources\model.cpp">
      <Filter>gameLib\Sources</Filter>
    </ClCompile>
    <ClCompile Include="Source\Lib\Sources\model_data.cpp">
      <Filter>gameLib\Sources</Filter>
    </ClCompile>
    <ClCompile Include="Source\Lib\Sources\model_renderer.cpp">
      <Filter>gameLib\Sources</Filter>
    </ClCompile>
    <ClCompile Include="Source\Lib\Sources\model_resource.cpp">
      <Filter>gameLib\Sources</Filter>
    </ClCompile>
    <ClCompile Include="Source\Lib\Sources\sky_map.cpp">
      <Filter>gameLib\Sources</Filter>
    </ClCompile>
    <ClCompile Include="Source\Lib\Sources\sound.cpp">
      <Filter>gameLib\Sources</Filter>
    </ClCompile>
    <ClCompile Include="Source\Lib\Sources\sound_buffer.cpp">
      <Filter>gameLib\Sources</Filter>
    </ClCompile>
    <ClCompile Include="Source\Lib\Sources\sound_manager.cpp">
      <Filter>gameLib\Sources</Filter>
    </ClCompile>
    <ClCompile Include="Source\Lib\Sources\sprite.cpp">
      <Filter>gameLib\Sources</Filter>
    </ClCompile>
    <ClCompile Include="Source\Lib\Sources\static_mesh.cpp">
      <Filter>gameLib\Sources</Filter>
    </ClCompile>
    <ClCompile Include="Source\Lib\Sources\static_obj.cpp">
      <Filter>gameLib\Sources</Filter>
    </ClCompile>
    <ClCompile Include="Source\Lib\Sources\texture.cpp">
      <Filter>gameLib\Sources</Filter>
    </ClCompile>
    <ClCompile Include="Source\Lib\Sources\vector.cpp">
      <Filter>gameLib\Sources</Filter>
    </ClCompile>
    <ClCompile Include="Source\Lib\Sources\x_input.cpp">
      <Filter>gameLib\Sources</Filter>
    </ClCompile>
    <ClCompile Include="Source\Lib\Sources\bloom.cpp">
      <Filter>gameLib\Sources\ポストエフェクト</Filter>
    </ClCompile>
    <ClCompile Include="Source\Lib\Sources\render_effects.cpp">
      <Filter>gameLib\Sources\ポストエフェクト</Filter>
    </ClCompile>
    <ClCompile Include="Source\Lib\Sources\blend_state.cpp">
      <Filter>gameLib\Sources\描画用データ%28buffer,state,shader%29</Filter>
    </ClCompile>
    <ClCompile Include="Source\Lib\Sources\drow_shader.cpp">
      <Filter>gameLib\Sources\描画用データ%28buffer,state,shader%29</Filter>
    </ClCompile>
    <ClCompile Include="Source\Lib\Sources\framebuffer.cpp">
      <Filter>gameLib\Sources\描画用データ%28buffer,state,shader%29</Filter>
    </ClCompile>
    <ClCompile Include="Source\Lib\Sources\light.cpp">
      <Filter>gameLib\Sources\描画用データ%28buffer,state,shader%29</Filter>
    </ClCompile>
    <ClCompile Include="Source\Lib\Sources\light_view.cpp">
      <Filter>gameLib\Sources\描画用データ%28buffer,state,shader%29</Filter>
    </ClCompile>
    <ClCompile Include="Source\Lib\Sources\shader.cpp">
      <Filter>gameLib\Sources\描画用データ%28buffer,state,shader%29</Filter>
    </ClCompile>
    <ClCompile Include="Source\Lib\Sources\camera.cpp">
      <Filter>gameLib\Sources\Camera</Filter>
    </ClCompile>
    <ClCompile Include="Source\Lib\Sources\camera_manager.cpp">
      <Filter>gameLib\Sources\Camera</Filter>
    </ClCompile>
    <ClCompile Include="Source\Lib\Sources\camera_operation.cpp">
      <Filter>gameLib\Sources\Camera</Filter>
    </ClCompile>
    <ClCompile Include="Source\Sources\player.cpp">
      <Filter>ソース ファイル</Filter>
    </ClCompile>
    <ClCompile Include="Source\Sources\gpu_absorption_particle.cpp">
      <Filter>ソース ファイル\Gpu</Filter>
    </ClCompile>
    <ClCompile Include="Source\Sources\gpu_cube_particle.cpp">
      <Filter>ソース ファイル\Gpu</Filter>
    </ClCompile>
    <ClCompile Include="Source\Sources\gpu_cloud_particle.cpp">
      <Filter>ソース ファイル\Gpu</Filter>
    </ClCompile>
    <ClCompile Include="Source\Sources\gpu_curl_noise_particle.cpp">
      <Filter>ソース ファイル\Gpu</Filter>
    </ClCompile>
    <ClCompile Include="Source\Sources\gpu_noise_geometric_particle.cpp">
      <Filter>ソース ファイル\Gpu</Filter>
    </ClCompile>
    <ClCompile Include="Source\Sources\gpu_particle_manager.cpp">
      <Filter>ソース ファイル\Gpu</Filter>
    </ClCompile>
    <ClCompile Include="Source\Sources\gpu_particle_test.cpp">
      <Filter>ソース ファイル\Gpu</Filter>
    </ClCompile>
    <ClCompile Include="Source\Sources\gpu_skinned_mesh_particle.cpp">
      <Filter>ソース ファイル\Gpu</Filter>
    </ClCompile>
    <ClCompile Include="Source\Sources\gpu_sphere_particle.cpp">
      <Filter>ソース ファイル\Gpu</Filter>
    </ClCompile>
    <ClCompile Include="Source\Sources\gpu_static_mesh_particle.cpp">
      <Filter>ソース ファイル\Gpu</Filter>
    </ClCompile>
    <ClCompile Include="Source\Sources\gpu_swirl_particle.cpp">
      <Filter>ソース ファイル\Gpu</Filter>
    </ClCompile>
    <ClCompile Include="Source\Sources\gpu_wing_particle.cpp">
      <Filter>ソース ファイル\Gpu</Filter>
    </ClCompile>
    <ClCompile Include="Source\Sources\particle_buffer.cpp">
      <Filter>ソース ファイル\Particle</Filter>
    </ClCompile>
    <ClCompile Include="Source\Sources\particle_move.cpp">
      <Filter>ソース ファイル\Particle</Filter>
    </ClCompile>
    <ClCompile Include="Source\Sources\scene_clear.cpp">
      <Filter>ソース ファイル\Scene</Filter>
    </ClCompile>
    <ClCompile Include="Source\Sources\scene_game.cpp">
      <Filter>ソース ファイル\Scene</Filter>
    </ClCompile>
    <ClCompile Include="Source\Sources\scene_manager.cpp">
      <Filter>ソース ファイル\Scene</Filter>
    </ClCompile>
    <ClCompile Include="Source\Sources\scene_over.cpp">
      <Filter>ソース ファイル\Scene</Filter>
    </ClCompile>
    <ClCompile Include="Source\Sources\scene_particle_editor.cpp">
      <Filter>ソース ファイル\Scene</Filter>
    </ClCompile>
    <ClCompile Include="Source\Sources\scene_title.cpp">
      <Filter>ソース ファイル\Scene</Filter>
    </ClCompile>
  </ItemGroup>
  <ItemGroup>
    <ClInclude Include="External_Libraries\imgui\imconfig.h">
      <Filter>ImGui</Filter>
    </ClInclude>
    <ClInclude Include="External_Libraries\imgui\imgui.h">
      <Filter>ImGui</Filter>
    </ClInclude>
    <ClInclude Include="External_Libraries\imgui\imgui_impl_dx11.h">
      <Filter>ImGui</Filter>
    </ClInclude>
    <ClInclude Include="External_Libraries\imgui\imgui_impl_win32.h">
      <Filter>ImGui</Filter>
    </ClInclude>
    <ClInclude Include="External_Libraries\imgui\imgui_internal.h">
      <Filter>ImGui</Filter>
    </ClInclude>
    <ClInclude Include="External_Libraries\imgui\imstb_rectpack.h">
      <Filter>ImGui</Filter>
    </ClInclude>
    <ClInclude Include="External_Libraries\imgui\imstb_textedit.h">
      <Filter>ImGui</Filter>
    </ClInclude>
    <ClInclude Include="External_Libraries\imgui\imstb_truetype.h">
      <Filter>ImGui</Filter>
    </ClInclude>
    <ClInclude Include="Source\Lib\Headers\board.h">
      <Filter>gameLib\Headers</Filter>
    </ClInclude>
    <ClInclude Include="Source\Lib\Headers\character.h">
      <Filter>gameLib\Headers</Filter>
    </ClInclude>
    <ClInclude Include="Source\Lib\Headers\cubebuffer.h">
      <Filter>gameLib\Headers</Filter>
    </ClInclude>
    <ClInclude Include="Source\Lib\Headers\direct_input.h">
      <Filter>gameLib\Headers</Filter>
    </ClInclude>
    <ClInclude Include="Source\Lib\Headers\Easing.h">
      <Filter>gameLib\Headers</Filter>
    </ClInclude>
    <ClInclude Include="Source\Lib\Headers\fbx_load.h">
      <Filter>gameLib\Headers</Filter>
    </ClInclude>
    <ClInclude Include="Source\Lib\Headers\file_function.h">
      <Filter>gameLib\Headers</Filter>
    </ClInclude>
    <ClInclude Include="Source\Lib\Headers\framework.h">
      <Filter>gameLib\Headers</Filter>
    </ClInclude>
    <ClInclude Include="Source\Lib\Headers\gamepad.h">
      <Filter>gameLib\Headers</Filter>
    </ClInclude>
    <ClInclude Include="Source\Lib\Headers\geometric_primitive.h">
      <Filter>gameLib\Headers</Filter>
    </ClInclude>
    <ClInclude Include="Source\Lib\Headers\high_resolution_timer.h">
      <Filter>gameLib\Headers</Filter>
    </ClInclude>
    <ClInclude Include="Source\Lib\Headers\key_board.h">
      <Filter>gameLib\Headers</Filter>
    </ClInclude>
    <ClInclude Include="Source\Lib\Headers\logger.h">
      <Filter>gameLib\Headers</Filter>
    </ClInclude>
    <ClInclude Include="Source\Lib\Headers\misc.h">
      <Filter>gameLib\Headers</Filter>
    </ClInclude>
    <ClInclude Include="Source\Lib\Headers\model.h">
      <Filter>gameLib\Headers</Filter>
    </ClInclude>
    <ClInclude Include="Source\Lib\Headers\model_data.h">
      <Filter>gameLib\Headers</Filter>
    </ClInclude>
    <ClInclude Include="Source\Lib\Headers\model_renderer.h">
      <Filter>gameLib\Headers</Filter>
    </ClInclude>
    <ClInclude Include="Source\Lib\Headers\model_resource.h">
      <Filter>gameLib\Headers</Filter>
    </ClInclude>
    <ClInclude Include="Source\Lib\Headers\obj3d.h">
      <Filter>gameLib\Headers</Filter>
    </ClInclude>
    <ClInclude Include="Source\Lib\Headers\screen_size.h">
      <Filter>gameLib\Headers</Filter>
    </ClInclude>
    <ClInclude Include="Source\Lib\Headers\serialize_function.h">
      <Filter>gameLib\Headers</Filter>
    </ClInclude>
    <ClInclude Include="Source\Lib\Headers\shader_type.h">
      <Filter>gameLib\Headers</Filter>
    </ClInclude>
    <ClInclude Include="Source\Lib\Headers\singleton_class.h">
      <Filter>gameLib\Headers</Filter>
    </ClInclude>
    <ClInclude Include="Source\Lib\Headers\sky_map.h">
      <Filter>gameLib\Headers</Filter>
    </ClInclude>
    <ClInclude Include="Source\Lib\Headers\sound.h">
      <Filter>gameLib\Headers</Filter>
    </ClInclude>
    <ClInclude Include="Source\Lib\Headers\sound_buffer.h">
      <Filter>gameLib\Headers</Filter>
    </ClInclude>
    <ClInclude Include="Source\Lib\Headers\sound_manager.h">
      <Filter>gameLib\Headers</Filter>
    </ClInclude>
    <ClInclude Include="Source\Lib\Headers\sprite.h">
      <Filter>gameLib\Headers</Filter>
    </ClInclude>
    <ClInclude Include="Source\Lib\Headers\static_mesh.h">
      <Filter>gameLib\Headers</Filter>
    </ClInclude>
    <ClInclude Include="Source\Lib\Headers\static_obj.h">
      <Filter>gameLib\Headers</Filter>
    </ClInclude>
    <ClInclude Include="Source\Lib\Headers\texture.h">
      <Filter>gameLib\Headers</Filter>
    </ClInclude>
    <ClInclude Include="Source\Lib\Headers\vector.h">
      <Filter>gameLib\Headers</Filter>
    </ClInclude>
    <ClInclude Include="Source\Lib\Headers\vector_combo.h">
      <Filter>gameLib\Headers</Filter>
    </ClInclude>
    <ClInclude Include="Source\Lib\Headers\x_input.h">
      <Filter>gameLib\Headers</Filter>
    </ClInclude>
    <ClInclude Include="Source\Lib\Headers\bloom.h">
      <Filter>gameLib\Headers\ポストエフェクト</Filter>
    </ClInclude>
    <ClInclude Include="Source\Lib\Headers\motion_blur_parameter.h">
      <Filter>gameLib\Headers\ポストエフェクト</Filter>
    </ClInclude>
    <ClInclude Include="Source\Lib\Headers\render_effects.h">
      <Filter>gameLib\Headers\ポストエフェクト</Filter>
    </ClInclude>
    <ClInclude Include="Source\Lib\Headers\zoom_blur_parameter.h">
      <Filter>gameLib\Headers\ポストエフェクト</Filter>
    </ClInclude>
    <ClInclude Include="Source\Lib\Headers\blend_state.h">
      <Filter>gameLib\Headers\描画用データ%28buffer,state,shader%29</Filter>
    </ClInclude>
    <ClInclude Include="Source\Lib\Headers\constant_buffer.h">
      <Filter>gameLib\Headers\描画用データ%28buffer,state,shader%29</Filter>
    </ClInclude>
    <ClInclude Include="Source\Lib\Headers\drow_shader.h">
      <Filter>gameLib\Headers\描画用データ%28buffer,state,shader%29</Filter>
    </ClInclude>
    <ClInclude Include="Source\Lib\Headers\framebuffer.h">
      <Filter>gameLib\Headers\描画用データ%28buffer,state,shader%29</Filter>
    </ClInclude>
    <ClInclude Include="Source\Lib\Headers\light.h">
      <Filter>gameLib\Headers\描画用データ%28buffer,state,shader%29</Filter>
    </ClInclude>
    <ClInclude Include="Source\Lib\Headers\light_view.h">
      <Filter>gameLib\Headers\描画用データ%28buffer,state,shader%29</Filter>
    </ClInclude>
    <ClInclude Include="Source\Lib\Headers\render_state.h">
      <Filter>gameLib\Headers\描画用データ%28buffer,state,shader%29</Filter>
    </ClInclude>
    <ClInclude Include="Source\Lib\Headers\sampler_state.h">
      <Filter>gameLib\Headers\描画用データ%28buffer,state,shader%29</Filter>
    </ClInclude>
    <ClInclude Include="Source\Lib\Headers\shader.h">
      <Filter>gameLib\Headers\描画用データ%28buffer,state,shader%29</Filter>
    </ClInclude>
    <ClInclude Include="Source\Lib\Headers\camera.h">
      <Filter>gameLib\Headers\Cameea</Filter>
    </ClInclude>
    <ClInclude Include="Source\Lib\Headers\camera_manager.h">
      <Filter>gameLib\Headers\Cameea</Filter>
    </ClInclude>
    <ClInclude Include="Source\Lib\Headers\camera_operation.h">
      <Filter>gameLib\Headers\Cameea</Filter>
    </ClInclude>
    <ClInclude Include="Source\Headers\player.h">
      <Filter>ヘッダー ファイル</Filter>
    </ClInclude>
    <ClInclude Include="Source\Headers\vector_combo.h">
      <Filter>ヘッダー ファイル</Filter>
    </ClInclude>
    <ClInclude Include="Source\Headers\gpu_absorption_particle.h">
      <Filter>ヘッダー ファイル\Gpu</Filter>
    </ClInclude>
    <ClInclude Include="Source\Headers\gpu_cloud_particle.h">
      <Filter>ヘッダー ファイル\Gpu</Filter>
    </ClInclude>
    <ClInclude Include="Source\Headers\gpu_cube_particle.h">
      <Filter>ヘッダー ファイル\Gpu</Filter>
    </ClInclude>
    <ClInclude Include="Source\Headers\gpu_curl_noise_particle.h">
      <Filter>ヘッダー ファイル\Gpu</Filter>
    </ClInclude>
    <ClInclude Include="Source\Headers\gpu_noise_geometric_particle.h">
      <Filter>ヘッダー ファイル\Gpu</Filter>
    </ClInclude>
    <ClInclude Include="Source\Headers\gpu_particle_manager.h">
      <Filter>ヘッダー ファイル\Gpu</Filter>
    </ClInclude>
    <ClInclude Include="Source\Headers\gpu_particle_test.h">
      <Filter>ヘッダー ファイル\Gpu</Filter>
    </ClInclude>
    <ClInclude Include="Source\Headers\gpu_skinned_mesh_particle.h">
      <Filter>ヘッダー ファイル\Gpu</Filter>
    </ClInclude>
    <ClInclude Include="Source\Headers\gpu_sphere_particle.h">
      <Filter>ヘッダー ファイル\Gpu</Filter>
    </ClInclude>
    <ClInclude Include="Source\Headers\gpu_static_mesh_particle.h">
      <Filter>ヘッダー ファイル\Gpu</Filter>
    </ClInclude>
    <ClInclude Include="Source\Headers\gpu_swirl_particle.h">
      <Filter>ヘッダー ファイル\Gpu</Filter>
    </ClInclude>
    <ClInclude Include="Source\Headers\particle_buffer.h">
      <Filter>ヘッダー ファイル\Particle</Filter>
    </ClInclude>
    <ClInclude Include="Source\Headers\particle_move.h">
      <Filter>ヘッダー ファイル\Particle</Filter>
    </ClInclude>
    <ClInclude Include="Source\Headers\gpu_wing_particle.h">
      <Filter>ヘッダー ファイル\Gpu</Filter>
    </ClInclude>
    <ClInclude Include="Source\Headers\scene_title.h">
      <Filter>ヘッダー ファイル\Scene</Filter>
    </ClInclude>
    <ClInclude Include="Source\Headers\scene_particle_editor.h">
      <Filter>ヘッダー ファイル\Scene</Filter>
    </ClInclude>
    <ClInclude Include="Source\Headers\scene_over.h">
      <Filter>ヘッダー ファイル\Scene</Filter>
    </ClInclude>
    <ClInclude Include="Source\Headers\scene_manager.h">
      <Filter>ヘッダー ファイル\Scene</Filter>
    </ClInclude>
    <ClInclude Include="Source\Headers\scene_game.h">
      <Filter>ヘッダー ファイル\Scene</Filter>
    </ClInclude>
    <ClInclude Include="Source\Headers\scene_clear.h">
      <Filter>ヘッダー ファイル\Scene</Filter>
    </ClInclude>
    <ClInclude Include="Source\Headers\scene.h">
      <Filter>ヘッダー ファイル\Scene</Filter>
    </ClInclude>
  </ItemGroup>
  <ItemGroup>
    <None Include="Source\Shader\Lib\board.hlsli">
      <Filter>gameLib\Shaders</Filter>
    </None>
    <None Include="Source\Shader\Lib\deferred_depth_static_mesh.hlsli">
      <Filter>gameLib\Shaders</Filter>
    </None>
    <None Include="Source\Shader\Lib\depth_of_field_data.hlsli">
      <Filter>gameLib\Shaders</Filter>
    </None>
    <None Include="Source\Shader\Lib\geometric_primitive.hlsli">
      <Filter>gameLib\Shaders</Filter>
    </None>
    <None Include="Source\Shader\Lib\lightType.hlsli">
      <Filter>gameLib\Shaders</Filter>
    </None>
    <None Include="Source\Shader\Lib\model.hlsli">
      <Filter>gameLib\Shaders</Filter>
    </None>
    <None Include="Source\Shader\Lib\model_normal.hlsli">
      <Filter>gameLib\Shaders</Filter>
    </None>
    <None Include="Source\Shader\Lib\ps_function.hlsli">
      <Filter>gameLib\Shaders</Filter>
    </None>
    <None Include="Source\Shader\Lib\rand_function.hlsli">
      <Filter>gameLib\Shaders</Filter>
    </None>
    <None Include="Source\Shader\Lib\sky_map.hlsli">
      <Filter>gameLib\Shaders</Filter>
    </None>
    <None Include="Source\Shader\Lib\sprite.hlsli">
      <Filter>gameLib\Shaders</Filter>
    </None>
    <None Include="Source\Shader\Lib\static_mesh.hlsli">
      <Filter>gameLib\Shaders</Filter>
    </None>
    <None Include="Source\Shader\Lib\static_mesh_normal.hlsli">
      <Filter>gameLib\Shaders</Filter>
    </None>
    <None Include="Source\Shader\Lib\bloom.hlsli">
      <Filter>gameLib\Shaders\ポストエフェクト</Filter>
    </None>
    <None Include="Source\Shader\Lib\render_effects.hlsli">
      <Filter>gameLib\Shaders\ポストエフェクト</Filter>
    </None>
    <None Include="Source\Shader\Lib\zoom_blur.hlsli">
      <Filter>gameLib\Shaders\ポストエフェクト</Filter>
    </None>
    <None Include="Source\Shader\particle_render.hlsli">
      <Filter>シェーダー\Render</Filter>
    </None>
    <None Include="Source\Shader\particle_data.hlsli">
      <Filter>シェーダー\Compute\Particle</Filter>
    </None>
    <None Include="Source\Shader\curl_noise.hlsli">
      <Filter>シェーダー\Compute</Filter>
    </None>
    <None Include="Source\Shader\gpu_skinned_mesh_particle.hlsli">
      <Filter>シェーダー\Compute</Filter>
    </None>
    <None Include="Source\Shader\gpu_static_mesh_particle.hlsli">
      <Filter>シェーダー\Compute</Filter>
    </None>
    <None Include="Source\Shader\matrix_calculation.hlsli">
      <Filter>シェーダー\Compute</Filter>
    </None>
    <None Include="Source\Shader\swirl.hlsli">
      <Filter>シェーダー\Compute</Filter>
    </None>
    <None Include="Source\Shader\gpu_cloud_particle_render.hlsli">
      <Filter>シェーダー\Render</Filter>
    </None>
    <None Include="Source\Shader\gpu_noise_geometric.hlsli">
      <Filter>シェーダー\Render</Filter>
    </None>
    <None Include="Source\Shader\gpu_particle_test_render.hlsli">
      <Filter>シェーダー\Render</Filter>
    </None>
  </ItemGroup>
  <ItemGroup>
    <FxCompile Include="Source\Shader\Lib\board_ps.hlsl">
      <Filter>gameLib\Shaders</Filter>
    </FxCompile>
    <FxCompile Include="Source\Shader\Lib\board_vs.hlsl">
      <Filter>gameLib\Shaders</Filter>
    </FxCompile>
    <FxCompile Include="Source\Shader\Lib\combined_bloom.hlsl">
      <Filter>gameLib\Shaders</Filter>
    </FxCompile>
    <FxCompile Include="Source\Shader\Lib\deferred_depth_model_ps.hlsl">
      <Filter>gameLib\Shaders</Filter>
    </FxCompile>
    <FxCompile Include="Source\Shader\Lib\deferred_depth_sky_map_ps.hlsl">
      <Filter>gameLib\Shaders</Filter>
    </FxCompile>
    <FxCompile Include="Source\Shader\Lib\deferred_depth_static_mesh_ps.hlsl">
      <Filter>gameLib\Shaders</Filter>
    </FxCompile>
    <FxCompile Include="Source\Shader\Lib\deferred_depth_static_mesh_vs.hlsl">
      <Filter>gameLib\Shaders</Filter>
    </FxCompile>
    <FxCompile Include="Source\Shader\Lib\depth_of_field_synthetic_ps.hlsl">
      <Filter>gameLib\Shaders</Filter>
    </FxCompile>
    <FxCompile Include="Source\Shader\Lib\geometric_primitive_ps.hlsl">
      <Filter>gameLib\Shaders</Filter>
    </FxCompile>
    <FxCompile Include="Source\Shader\Lib\geometric_primitive_vs.hlsl">
      <Filter>gameLib\Shaders</Filter>
    </FxCompile>
    <FxCompile Include="Source\Shader\Lib\model_normal_ps.hlsl">
      <Filter>gameLib\Shaders</Filter>
    </FxCompile>
    <FxCompile Include="Source\Shader\Lib\model_normal_vs.hlsl">
      <Filter>gameLib\Shaders</Filter>
    </FxCompile>
    <FxCompile Include="Source\Shader\Lib\model_ps.hlsl">
      <Filter>gameLib\Shaders</Filter>
    </FxCompile>
    <FxCompile Include="Source\Shader\Lib\model_shadow_vs.hlsl">
      <Filter>gameLib\Shaders</Filter>
    </FxCompile>
    <FxCompile Include="Source\Shader\Lib\model_vs.hlsl">
      <Filter>gameLib\Shaders</Filter>
    </FxCompile>
    <FxCompile Include="Source\Shader\Lib\sky_map_ps.hlsl">
      <Filter>gameLib\Shaders</Filter>
    </FxCompile>
    <FxCompile Include="Source\Shader\Lib\sky_map_vs.hlsl">
      <Filter>gameLib\Shaders</Filter>
    </FxCompile>
    <FxCompile Include="Source\Shader\Lib\sprite_ps.hlsl">
      <Filter>gameLib\Shaders</Filter>
    </FxCompile>
    <FxCompile Include="Source\Shader\Lib\sprite_vs.hlsl">
      <Filter>gameLib\Shaders</Filter>
    </FxCompile>
    <FxCompile Include="Source\Shader\Lib\static_mesh_normal_ps.hlsl">
      <Filter>gameLib\Shaders</Filter>
    </FxCompile>
    <FxCompile Include="Source\Shader\Lib\static_mesh_normal_vs.hlsl">
      <Filter>gameLib\Shaders</Filter>
    </FxCompile>
    <FxCompile Include="Source\Shader\Lib\static_mesh_ps.hlsl">
      <Filter>gameLib\Shaders</Filter>
    </FxCompile>
    <FxCompile Include="Source\Shader\Lib\static_mesh_shadow_ps.hlsl">
      <Filter>gameLib\Shaders</Filter>
    </FxCompile>
    <FxCompile Include="Source\Shader\Lib\static_mesh_shadow_vs.hlsl">
      <Filter>gameLib\Shaders</Filter>
    </FxCompile>
    <FxCompile Include="Source\Shader\Lib\static_mesh_vs.hlsl">
      <Filter>gameLib\Shaders</Filter>
    </FxCompile>
    <FxCompile Include="Source\Shader\Lib\bloom_blur01_ps.hlsl">
      <Filter>gameLib\Shaders\ポストエフェクト</Filter>
    </FxCompile>
    <FxCompile Include="Source\Shader\Lib\bloom_blur02_ps.hlsl">
      <Filter>gameLib\Shaders\ポストエフェクト</Filter>
    </FxCompile>
    <FxCompile Include="Source\Shader\Lib\bloom_vs.hlsl">
      <Filter>gameLib\Shaders\ポストエフェクト</Filter>
    </FxCompile>
    <FxCompile Include="Source\Shader\Lib\bloomStart_ps.hlsl">
      <Filter>gameLib\Shaders\ポストエフェクト</Filter>
    </FxCompile>
    <FxCompile Include="Source\Shader\Lib\render_effects_ps.hlsl">
      <Filter>gameLib\Shaders\ポストエフェクト</Filter>
    </FxCompile>
    <FxCompile Include="Source\Shader\Lib\render_effects_vs.hlsl">
      <Filter>gameLib\Shaders\ポストエフェクト</Filter>
    </FxCompile>
    <FxCompile Include="Source\Shader\Lib\zoom_blur_ps.hlsl">
      <Filter>gameLib\Shaders\ポストエフェクト</Filter>
    </FxCompile>
    <FxCompile Include="Source\Shader\particle_render_billboard_gs.hlsl">
      <Filter>シェーダー\Render</Filter>
    </FxCompile>
    <FxCompile Include="Source\Shader\particle_render_point_ps.hlsl">
      <Filter>シェーダー\Render</Filter>
    </FxCompile>
    <FxCompile Include="Source\Shader\particle_render_ps.hlsl">
      <Filter>シェーダー\Render</Filter>
    </FxCompile>
    <FxCompile Include="Source\Shader\particle_render_text_ps.hlsl">
      <Filter>シェーダー\Render</Filter>
    </FxCompile>
    <FxCompile Include="Source\Shader\particle_render_vs.hlsl">
      <Filter>シェーダー\Render</Filter>
    </FxCompile>
    <FxCompile Include="Source\Shader\particle_render2.hlsl">
      <Filter>シェーダー\Render</Filter>
    </FxCompile>
    <FxCompile Include="Source\Shader\particle_basic_move.hlsl">
      <Filter>シェーダー\Compute\Particle</Filter>
    </FxCompile>
    <FxCompile Include="Source\Shader\particle_count_reset.hlsl">
      <Filter>シェーダー\Compute\Particle</Filter>
    </FxCompile>
    <FxCompile Include="Source\Shader\particle_last_move.hlsl">
      <Filter>シェーダー\Compute\Particle</Filter>
    </FxCompile>
    <FxCompile Include="Source\Shader\absorpartion_particle_compute.hlsl">
      <Filter>シェーダー\Compute</Filter>
    </FxCompile>
    <FxCompile Include="Source\Shader\cloud_particle_compute.hlsl">
      <Filter>シェーダー\Compute</Filter>
    </FxCompile>
    <FxCompile Include="Source\Shader\compute_test.hlsl">
      <Filter>シェーダー\Compute</Filter>
    </FxCompile>
    <FxCompile Include="Source\Shader\curl_noise_particle_compute.hlsl">
      <Filter>シェーダー\Compute</Filter>
    </FxCompile>
    <FxCompile Include="Source\Shader\gpu_skinned_mesh_create_praticle_cs.hlsl">
      <Filter>シェーダー\Compute</Filter>
    </FxCompile>
    <FxCompile Include="Source\Shader\gpu_skinned_mesh_particle_cs.hlsl">
      <Filter>シェーダー\Compute</Filter>
    </FxCompile>
    <FxCompile Include="Source\Shader\gpu_static_mesh_create_particle_cs.hlsl">
      <Filter>シェーダー\Compute</Filter>
    </FxCompile>
    <FxCompile Include="Source\Shader\gpu_static_mesh_particle_cs.hlsl">
      <Filter>シェーダー\Compute</Filter>
    </FxCompile>
    <FxCompile Include="Source\Shader\noise_geometric_particle.hlsl">
      <Filter>シェーダー\Compute</Filter>
    </FxCompile>
    <FxCompile Include="Source\Shader\sphere_particle_compute.hlsl">
      <Filter>シェーダー\Compute</Filter>
    </FxCompile>
    <FxCompile Include="Source\Shader\swirl_particle_compute.hlsl">
      <Filter>シェーダー\Compute</Filter>
    </FxCompile>
    <FxCompile Include="Source\Shader\wing_particle_compute.hlsl">
      <Filter>シェーダー\Compute</Filter>
    </FxCompile>
    <FxCompile Include="Source\Shader\Lib\motion_blur_ps.hlsl">
      <Filter>gameLib\Shaders\ポストエフェクト</Filter>
    </FxCompile>
    <FxCompile Include="Source\Shader\gpu_cloud_particle_render_gs.hlsl">
      <Filter>シェーダー\Render</Filter>
    </FxCompile>
    <FxCompile Include="Source\Shader\gpu_cloud_particle_render_ps.hlsl">
      <Filter>シェーダー\Render</Filter>
    </FxCompile>
    <FxCompile Include="Source\Shader\gpu_clound_particle_render_vs.hlsl">
      <Filter>シェーダー\Render</Filter>
    </FxCompile>
    <FxCompile Include="Source\Shader\gpu_curl_noise_particle_render_vs.hlsl">
      <Filter>シェーダー\Render</Filter>
    </FxCompile>
    <FxCompile Include="Source\Shader\gpu_noise_geometric_gs.hlsl">
      <Filter>シェーダー\Render</Filter>
    </FxCompile>
    <FxCompile Include="Source\Shader\gpu_noise_geometric_ps.hlsl">
      <Filter>シェーダー\Render</Filter>
    </FxCompile>
    <FxCompile Include="Source\Shader\gpu_noise_geometric_vs.hlsl">
      <Filter>シェーダー\Render</Filter>
    </FxCompile>
    <FxCompile Include="Source\Shader\gpu_particle_test_render_ps.hlsl">
      <Filter>シェーダー\Render</Filter>
    </FxCompile>
    <FxCompile Include="Source\Shader\gpu_particle_test_render_vs.hlsl">
      <Filter>シェーダー\Render</Filter>
    </FxCompile>
    <FxCompile Include="Source\Shader\gpu_wing_particle_vs.hlsl">
      <Filter>シェーダー\Render</Filter>
    </FxCompile>
    <FxCompile Include="Source\Shader\point_create_particle.hlsl">
      <Filter>シェーダー\Compute\Particle</Filter>
    </FxCompile>
  </ItemGroup>
</Project>