<?xml version="1.0" encoding="utf-8"?>
<Project ToolsVersion="4.0" xmlns="http://schemas.microsoft.com/developer/msbuild/2003">
  <ItemGroup>
    <Filter Include="ソース ファイル">
      <UniqueIdentifier>{4FC737F1-C7A5-4376-A066-2A32D752A2FF}</UniqueIdentifier>
      <Extensions>cpp;c;cc;cxx;def;odl;idl;hpj;bat;asm;asmx</Extensions>
    </Filter>
    <Filter Include="ヘッダー ファイル">
      <UniqueIdentifier>{93995380-89BD-4b04-88EB-625FBE52EBFB}</UniqueIdentifier>
      <Extensions>h;hh;hpp;hxx;hm;inl;inc;ipp;xsd</Extensions>
    </Filter>
    <Filter Include="リソース ファイル">
      <UniqueIdentifier>{67DA6AB6-F800-4c08-8B7A-83BB121AAD01}</UniqueIdentifier>
      <Extensions>rc;ico;cur;bmp;dlg;rc2;rct;bin;rgs;gif;jpg;jpeg;jpe;resx;tiff;tif;png;wav;mfcribbon-ms</Extensions>
    </Filter>
    <Filter Include="gameLib">
      <UniqueIdentifier>{e0799a07-c915-4123-854e-e9dcc0561929}</UniqueIdentifier>
    </Filter>
    <Filter Include="gameLib\Headers">
      <UniqueIdentifier>{d5dc6318-4fa9-4265-8604-9cb2faf005e2}</UniqueIdentifier>
    </Filter>
    <Filter Include="gameLib\Sources">
      <UniqueIdentifier>{35eba075-0e33-467e-b807-922216340816}</UniqueIdentifier>
    </Filter>
    <Filter Include="gameLib\Shaders">
      <UniqueIdentifier>{91f6ceaa-8841-443b-abe4-abc3e2dacded}</UniqueIdentifier>
    </Filter>
    <Filter Include="ImGui">
      <UniqueIdentifier>{7415a256-0b66-4722-9656-67cbac588b3d}</UniqueIdentifier>
    </Filter>
    <Filter Include="ヘッダー ファイル\Scene">
      <UniqueIdentifier>{83784b31-1265-4a1c-b8e8-a1b046b673ee}</UniqueIdentifier>
    </Filter>
    <Filter Include="ソース ファイル\Scene">
      <UniqueIdentifier>{44340e29-9d13-459d-baeb-ecf8a4f6ad3e}</UniqueIdentifier>
    </Filter>
    <Filter Include="シェーダー">
      <UniqueIdentifier>{8c8ac49e-6b74-4bf0-b0ea-4aade901f9f0}</UniqueIdentifier>
    </Filter>
    <Filter Include="ヘッダー ファイル\Gpu">
      <UniqueIdentifier>{7540535b-b557-4d6e-9f81-14a1e94a54e6}</UniqueIdentifier>
    </Filter>
    <Filter Include="ソース ファイル\Gpu">
      <UniqueIdentifier>{d5153abe-3a72-401e-91e1-f5a2fff48997}</UniqueIdentifier>
    </Filter>
    <Filter Include="シェーダー\Compute">
      <UniqueIdentifier>{82bbbb93-1f45-4381-b909-9e5fcf655938}</UniqueIdentifier>
    </Filter>
  </ItemGroup>
  <ItemGroup>
    <ClCompile Include="External_Libraries\imgui\imgui.cpp">
      <Filter>ImGui</Filter>
    </ClCompile>
    <ClCompile Include="External_Libraries\imgui\imgui_demo.cpp">
      <Filter>ImGui</Filter>
    </ClCompile>
    <ClCompile Include="External_Libraries\imgui\imgui_draw.cpp">
      <Filter>ImGui</Filter>
    </ClCompile>
    <ClCompile Include="External_Libraries\imgui\imgui_impl_dx11.cpp">
      <Filter>ImGui</Filter>
    </ClCompile>
    <ClCompile Include="External_Libraries\imgui\imgui_impl_win32.cpp">
      <Filter>ImGui</Filter>
    </ClCompile>
    <ClCompile Include="External_Libraries\imgui\imgui_widgets.cpp">
      <Filter>ImGui</Filter>
    </ClCompile>
    <ClCompile Include="Source\blend_state.cpp">
      <Filter>gameLib\Sources</Filter>
    </ClCompile>
    <ClCompile Include="Source\board.cpp">
      <Filter>gameLib\Sources</Filter>
    </ClCompile>
    <ClCompile Include="Source\camera.cpp">
      <Filter>gameLib\Sources</Filter>
    </ClCompile>
    <ClCompile Include="Source\camera_manager.cpp">
      <Filter>gameLib\Sources</Filter>
    </ClCompile>
    <ClCompile Include="Source\camera_operation.cpp">
      <Filter>gameLib\Sources</Filter>
    </ClCompile>
    <ClCompile Include="Source\direct_input.cpp">
      <Filter>gameLib\Sources</Filter>
    </ClCompile>
    <ClCompile Include="Source\fbx_load.cpp">
      <Filter>gameLib\Sources</Filter>
    </ClCompile>
    <ClCompile Include="Source\framework.cpp">
      <Filter>gameLib\Sources</Filter>
    </ClCompile>
    <ClCompile Include="Source\gamepad.cpp">
      <Filter>gameLib\Sources</Filter>
    </ClCompile>
    <ClCompile Include="Source\geometric_primitive.cpp">
      <Filter>gameLib\Sources</Filter>
    </ClCompile>
    <ClCompile Include="Source\main.cpp">
      <Filter>gameLib\Sources</Filter>
    </ClCompile>
    <ClCompile Include="Source\model.cpp">
      <Filter>gameLib\Sources</Filter>
    </ClCompile>
    <ClCompile Include="Source\model_data.cpp">
      <Filter>gameLib\Sources</Filter>
    </ClCompile>
    <ClCompile Include="Source\model_renderer.cpp">
      <Filter>gameLib\Sources</Filter>
    </ClCompile>
    <ClCompile Include="Source\model_resource.cpp">
      <Filter>gameLib\Sources</Filter>
    </ClCompile>
    <ClCompile Include="Source\shader.cpp">
      <Filter>gameLib\Sources</Filter>
    </ClCompile>
    <ClCompile Include="Source\sound.cpp">
      <Filter>gameLib\Sources</Filter>
    </ClCompile>
    <ClCompile Include="Source\sound_buffer.cpp">
      <Filter>gameLib\Sources</Filter>
    </ClCompile>
    <ClCompile Include="Source\sound_manager.cpp">
      <Filter>gameLib\Sources</Filter>
    </ClCompile>
    <ClCompile Include="Source\sprite.cpp">
      <Filter>gameLib\Sources</Filter>
    </ClCompile>
    <ClCompile Include="Source\static_mesh.cpp">
      <Filter>gameLib\Sources</Filter>
    </ClCompile>
    <ClCompile Include="Source\texture.cpp">
      <Filter>gameLib\Sources</Filter>
    </ClCompile>
    <ClCompile Include="Source\vector.cpp">
      <Filter>gameLib\Sources</Filter>
    </ClCompile>
    <ClCompile Include="Source\x_input.cpp">
      <Filter>gameLib\Sources</Filter>
    </ClCompile>
    <ClCompile Include="Source\scene_clear.cpp">
      <Filter>ソース ファイル\Scene</Filter>
    </ClCompile>
    <ClCompile Include="Source\scene_game.cpp">
      <Filter>ソース ファイル\Scene</Filter>
    </ClCompile>
    <ClCompile Include="Source\scene_manager.cpp">
      <Filter>ソース ファイル\Scene</Filter>
    </ClCompile>
    <ClCompile Include="Source\scene_over.cpp">
      <Filter>ソース ファイル\Scene</Filter>
    </ClCompile>
    <ClCompile Include="Source\scene_title.cpp">
      <Filter>ソース ファイル\Scene</Filter>
    </ClCompile>
    <ClCompile Include="Source\bloom_test01.cpp">
      <Filter>ソース ファイル</Filter>
    </ClCompile>
    <ClCompile Include="Source\light.cpp">
      <Filter>gameLib\Sources</Filter>
    </ClCompile>
    <ClCompile Include="Source\framebuffer.cpp">
      <Filter>gameLib\Sources</Filter>
    </ClCompile>
    <ClCompile Include="Source\static_obj.cpp">
      <Filter>gameLib\Sources</Filter>
    </ClCompile>
    <ClCompile Include="Source\render_effects.cpp">
      <Filter>gameLib\Sources</Filter>
    </ClCompile>
    <ClCompile Include="Source\bloom.cpp">
      <Filter>gameLib\Sources</Filter>
    </ClCompile>
    <ClCompile Include="Source\player.cpp">
      <Filter>ソース ファイル</Filter>
    </ClCompile>
    <ClCompile Include="Source\character.cpp">
      <Filter>gameLib\Sources</Filter>
    </ClCompile>
    <ClCompile Include="Source\gpu_swirl_particle.cpp">
      <Filter>ソース ファイル\Gpu</Filter>
    </ClCompile>
    <ClCompile Include="Source\gpu_sphere_particle.cpp">
      <Filter>ソース ファイル\Gpu</Filter>
    </ClCompile>
    <ClCompile Include="Source\gpu_particle_test.cpp">
      <Filter>ソース ファイル\Gpu</Filter>
    </ClCompile>
    <ClCompile Include="Source\gpu_cube_particle.cpp">
      <Filter>ソース ファイル\Gpu</Filter>
    </ClCompile>
    <ClCompile Include="Source\gpu_cloud_particle.cpp">
      <Filter>ソース ファイル\Gpu</Filter>
    </ClCompile>
    <ClCompile Include="Source\gpu_absorption_particle.cpp">
      <Filter>ソース ファイル\Gpu</Filter>
    </ClCompile>
    <ClCompile Include="Source\gpu_2d_texture_particle.cpp">
      <Filter>ソース ファイル\Gpu</Filter>
    </ClCompile>
    <ClCompile Include="Source\gpu_particle_manager.cpp">
      <Filter>ソース ファイル\Gpu</Filter>
    </ClCompile>
    <ClCompile Include="Source\gpu_wing_particle.cpp">
      <Filter>ソース ファイル\Gpu</Filter>
    </ClCompile>
  </ItemGroup>
  <ItemGroup>
    <ClInclude Include="External_Libraries\imgui\imconfig.h">
      <Filter>ImGui</Filter>
    </ClInclude>
    <ClInclude Include="External_Libraries\imgui\imgui.h">
      <Filter>ImGui</Filter>
    </ClInclude>
    <ClInclude Include="External_Libraries\imgui\imgui_impl_dx11.h">
      <Filter>ImGui</Filter>
    </ClInclude>
    <ClInclude Include="External_Libraries\imgui\imgui_impl_win32.h">
      <Filter>ImGui</Filter>
    </ClInclude>
    <ClInclude Include="External_Libraries\imgui\imgui_internal.h">
      <Filter>ImGui</Filter>
    </ClInclude>
    <ClInclude Include="External_Libraries\imgui\imstb_rectpack.h">
      <Filter>ImGui</Filter>
    </ClInclude>
    <ClInclude Include="External_Libraries\imgui\imstb_textedit.h">
      <Filter>ImGui</Filter>
    </ClInclude>
    <ClInclude Include="External_Libraries\imgui\imstb_truetype.h">
      <Filter>ImGui</Filter>
    </ClInclude>
    <ClInclude Include="Source\blend_state.h">
      <Filter>gameLib\Headers</Filter>
    </ClInclude>
    <ClInclude Include="Source\board.h">
      <Filter>gameLib\Headers</Filter>
    </ClInclude>
    <ClInclude Include="Source\camera.h">
      <Filter>gameLib\Headers</Filter>
    </ClInclude>
    <ClInclude Include="Source\camera_manager.h">
      <Filter>gameLib\Headers</Filter>
    </ClInclude>
    <ClInclude Include="Source\camera_operation.h">
      <Filter>gameLib\Headers</Filter>
    </ClInclude>
    <ClInclude Include="Source\direct_input.h">
      <Filter>gameLib\Headers</Filter>
    </ClInclude>
    <ClInclude Include="Source\fbx_load.h">
      <Filter>gameLib\Headers</Filter>
    </ClInclude>
    <ClInclude Include="Source\framework.h">
      <Filter>gameLib\Headers</Filter>
    </ClInclude>
    <ClInclude Include="Source\gamepad.h">
      <Filter>gameLib\Headers</Filter>
    </ClInclude>
    <ClInclude Include="Source\geometric_primitive.h">
      <Filter>gameLib\Headers</Filter>
    </ClInclude>
    <ClInclude Include="Source\high_resolution_timer.h">
      <Filter>gameLib\Headers</Filter>
    </ClInclude>
    <ClInclude Include="Source\key_board.h">
      <Filter>gameLib\Headers</Filter>
    </ClInclude>
    <ClInclude Include="Source\logger.h">
      <Filter>gameLib\Headers</Filter>
    </ClInclude>
    <ClInclude Include="Source\misc.h">
      <Filter>gameLib\Headers</Filter>
    </ClInclude>
    <ClInclude Include="Source\model.h">
      <Filter>gameLib\Headers</Filter>
    </ClInclude>
    <ClInclude Include="Source\model_data.h">
      <Filter>gameLib\Headers</Filter>
    </ClInclude>
    <ClInclude Include="Source\model_renderer.h">
      <Filter>gameLib\Headers</Filter>
    </ClInclude>
    <ClInclude Include="Source\model_resource.h">
      <Filter>gameLib\Headers</Filter>
    </ClInclude>
    <ClInclude Include="Source\screen_size.h">
      <Filter>gameLib\Headers</Filter>
    </ClInclude>
    <ClInclude Include="Source\serialize_function.h">
      <Filter>gameLib\Headers</Filter>
    </ClInclude>
    <ClInclude Include="Source\shader.h">
      <Filter>gameLib\Headers</Filter>
    </ClInclude>
    <ClInclude Include="Source\sound.h">
      <Filter>gameLib\Headers</Filter>
    </ClInclude>
    <ClInclude Include="Source\sound_buffer.h">
      <Filter>gameLib\Headers</Filter>
    </ClInclude>
    <ClInclude Include="Source\sound_manager.h">
      <Filter>gameLib\Headers</Filter>
    </ClInclude>
    <ClInclude Include="Source\sprite.h">
      <Filter>gameLib\Headers</Filter>
    </ClInclude>
    <ClInclude Include="Source\static_mesh.h">
      <Filter>gameLib\Headers</Filter>
    </ClInclude>
    <ClInclude Include="Source\texture.h">
      <Filter>gameLib\Headers</Filter>
    </ClInclude>
    <ClInclude Include="Source\vector.h">
      <Filter>gameLib\Headers</Filter>
    </ClInclude>
    <ClInclude Include="Source\x_input.h">
      <Filter>gameLib\Headers</Filter>
    </ClInclude>
    <ClInclude Include="Source\scene.h">
      <Filter>ヘッダー ファイル\Scene</Filter>
    </ClInclude>
    <ClInclude Include="Source\scene_clear.h">
      <Filter>ヘッダー ファイル\Scene</Filter>
    </ClInclude>
    <ClInclude Include="Source\scene_game.h">
      <Filter>ヘッダー ファイル\Scene</Filter>
    </ClInclude>
    <ClInclude Include="Source\scene_manager.h">
      <Filter>ヘッダー ファイル\Scene</Filter>
    </ClInclude>
    <ClInclude Include="Source\scene_over.h">
      <Filter>ヘッダー ファイル\Scene</Filter>
    </ClInclude>
    <ClInclude Include="Source\scene_title.h">
      <Filter>ヘッダー ファイル\Scene</Filter>
    </ClInclude>
    <ClInclude Include="Source\bloom_test01.h">
      <Filter>ヘッダー ファイル</Filter>
    </ClInclude>
    <ClInclude Include="Source\light.h">
      <Filter>gameLib\Headers</Filter>
    </ClInclude>
    <ClInclude Include="Source\framebuffer.h">
      <Filter>gameLib\Headers</Filter>
    </ClInclude>
    <ClInclude Include="Source\static_obj.h">
      <Filter>gameLib\Headers</Filter>
    </ClInclude>
    <ClInclude Include="Source\render_effects.h">
      <Filter>gameLib\Headers</Filter>
    </ClInclude>
    <ClInclude Include="Source\shader_type.h">
      <Filter>gameLib\Headers</Filter>
    </ClInclude>
    <ClInclude Include="Source\bloom.h">
      <Filter>gameLib\Headers</Filter>
    </ClInclude>
    <ClInclude Include="Source\player.h">
      <Filter>ヘッダー ファイル</Filter>
    </ClInclude>
    <ClInclude Include="Source\obj3d.h">
      <Filter>gameLib\Headers</Filter>
    </ClInclude>
    <ClInclude Include="Source\character.h">
      <Filter>gameLib\Headers</Filter>
    </ClInclude>
    <ClInclude Include="Source\gpu_2d_texture_particle.h">
      <Filter>ヘッダー ファイル\Gpu</Filter>
    </ClInclude>
    <ClInclude Include="Source\gpu_cube_particle.h">
      <Filter>ヘッダー ファイル\Gpu</Filter>
    </ClInclude>
    <ClInclude Include="Source\gpu_cloud_particle.h">
      <Filter>ヘッダー ファイル\Gpu</Filter>
    </ClInclude>
    <ClInclude Include="Source\gpu_absorption_particle.h">
      <Filter>ヘッダー ファイル\Gpu</Filter>
    </ClInclude>
    <ClInclude Include="Source\gpu_particle_test.h">
      <Filter>ヘッダー ファイル\Gpu</Filter>
    </ClInclude>
    <ClInclude Include="Source\gpu_sphere_particle.h">
      <Filter>ヘッダー ファイル\Gpu</Filter>
    </ClInclude>
    <ClInclude Include="Source\gpu_swirl_particle.h">
      <Filter>ヘッダー ファイル\Gpu</Filter>
    </ClInclude>
    <ClInclude Include="Source\gpu_particle_manager.h">
      <Filter>ヘッダー ファイル\Gpu</Filter>
    </ClInclude>
    <ClInclude Include="Source\gpu_wing_particle.h">
      <Filter>ヘッダー ファイル\Gpu</Filter>
    </ClInclude>
  </ItemGroup>
  <ItemGroup>
    <None Include="Source\board.hlsli">
      <Filter>gameLib\Shaders</Filter>
    </None>
    <None Include="Source\geometric_primitive.hlsli">
      <Filter>gameLib\Shaders</Filter>
    </None>
    <None Include="Source\model.hlsli">
      <Filter>gameLib\Shaders</Filter>
    </None>
    <None Include="Source\sprite.hlsli">
      <Filter>gameLib\Shaders</Filter>
    </None>
    <None Include="Source\static_mesh.hlsli">
      <Filter>gameLib\Shaders</Filter>
    </None>
    <None Include="Source\ps_function.hlsli">
      <Filter>gameLib\Shaders</Filter>
    </None>
    <None Include="Source\static_mesh_normal.hlsli">
      <Filter>gameLib\Shaders</Filter>
    </None>
    <None Include="Source\light_function.hlsli">
      <Filter>gameLib\Shaders</Filter>
    </None>
    <None Include="Source\lightType.hlsli">
      <Filter>gameLib\Shaders</Filter>
    </None>
    <None Include="Source\render_effects.hlsli">
      <Filter>gameLib\Shaders</Filter>
    </None>
    <None Include="Source\model_normal.hlsli">
      <Filter>gameLib\Shaders</Filter>
    </None>
    <None Include="Source\bloom.hlsli">
      <Filter>gameLib\Shaders</Filter>
    </None>
    <None Include="Source\gpu_particle_test_render.hlsli">
      <Filter>シェーダー</Filter>
    </None>
    <None Include="Source\swirl.hlsli">
      <Filter>シェーダー\Compute</Filter>
    </None>
    <None Include="Source\gpu_cloud_particle_render.hlsli">
      <Filter>シェーダー</Filter>
    </None>
  </ItemGroup>
  <ItemGroup>
    <FxCompile Include="Source\board_ps.hlsl">
      <Filter>gameLib\Shaders</Filter>
    </FxCompile>
    <FxCompile Include="Source\board_vs.hlsl">
      <Filter>gameLib\Shaders</Filter>
    </FxCompile>
    <FxCompile Include="Source\geometric_primitive_ps.hlsl">
      <Filter>gameLib\Shaders</Filter>
    </FxCompile>
    <FxCompile Include="Source\geometric_primitive_vs.hlsl">
      <Filter>gameLib\Shaders</Filter>
    </FxCompile>
    <FxCompile Include="Source\model_ps.hlsl">
      <Filter>gameLib\Shaders</Filter>
    </FxCompile>
    <FxCompile Include="Source\model_vs.hlsl">
      <Filter>gameLib\Shaders</Filter>
    </FxCompile>
    <FxCompile Include="Source\sprite_ps.hlsl">
      <Filter>gameLib\Shaders</Filter>
    </FxCompile>
    <FxCompile Include="Source\sprite_vs.hlsl">
      <Filter>gameLib\Shaders</Filter>
    </FxCompile>
    <FxCompile Include="Source\static_mesh_ps.hlsl">
      <Filter>gameLib\Shaders</Filter>
    </FxCompile>
    <FxCompile Include="Source\static_mesh_vs.hlsl">
      <Filter>gameLib\Shaders</Filter>
    </FxCompile>
    <FxCompile Include="Source\static_mesh_normal_vs.hlsl">
      <Filter>gameLib\Shaders</Filter>
    </FxCompile>
    <FxCompile Include="Source\static_mesh_normal_ps.hlsl">
      <Filter>gameLib\Shaders</Filter>
    </FxCompile>
    <FxCompile Include="Source\static_mesh_shadow_vs.hlsl">
      <Filter>gameLib\Shaders</Filter>
    </FxCompile>
    <FxCompile Include="Source\static_mesh_shadow_ps.hlsl">
      <Filter>gameLib\Shaders</Filter>
    </FxCompile>
    <FxCompile Include="Source\render_effects_vs.hlsl">
      <Filter>gameLib\Shaders</Filter>
    </FxCompile>
    <FxCompile Include="Source\render_effects_ps.hlsl">
      <Filter>gameLib\Shaders</Filter>
    </FxCompile>
    <FxCompile Include="Source\model_normal_vs.hlsl">
      <Filter>gameLib\Shaders</Filter>
    </FxCompile>
    <FxCompile Include="Source\model_normal_ps.hlsl">
      <Filter>gameLib\Shaders</Filter>
    </FxCompile>
    <FxCompile Include="Source\model_shadow_vs.hlsl">
      <Filter>gameLib\Shaders</Filter>
    </FxCompile>
    <FxCompile Include="Source\bloom_vs.hlsl">
      <Filter>gameLib\Shaders</Filter>
    </FxCompile>
    <FxCompile Include="Source\bloom_ps.hlsl">
      <Filter>gameLib\Shaders</Filter>
    </FxCompile>
    <FxCompile Include="Source\combined_bloom.hlsl">
      <Filter>gameLib\Shaders</Filter>
    </FxCompile>
    <FxCompile Include="Source\gpu_particle_test_render_vs.hlsl">
      <Filter>シェーダー</Filter>
    </FxCompile>
    <FxCompile Include="Source\gpu_particle_test_render_ps.hlsl">
      <Filter>シェーダー</Filter>
    </FxCompile>
    <FxCompile Include="Source\gpu_particle_2d_test_render_vs.hlsl">
      <Filter>シェーダー</Filter>
    </FxCompile>
    <FxCompile Include="Source\gpu_particle_2d_test_render_ps.hlsl">
      <Filter>シェーダー</Filter>
    </FxCompile>
    <FxCompile Include="Source\2d_texture_particle_compute.hlsl">
      <Filter>シェーダー\Compute</Filter>
    </FxCompile>
    <FxCompile Include="Source\absorpartion_particle_compute.hlsl">
      <Filter>シェーダー\Compute</Filter>
    </FxCompile>
    <FxCompile Include="Source\cloud_particle_compute.hlsl">
      <Filter>シェーダー\Compute</Filter>
    </FxCompile>
    <FxCompile Include="Source\compute_test.hlsl">
      <Filter>シェーダー\Compute</Filter>
    </FxCompile>
    <FxCompile Include="Source\sphere_particle_compute.hlsl">
      <Filter>シェーダー\Compute</Filter>
    </FxCompile>
    <FxCompile Include="Source\swirl_particle_compute.hlsl">
      <Filter>シェーダー\Compute</Filter>
    </FxCompile>
    <FxCompile Include="Source\gpu_clound_particle_render_vs.hlsl">
      <Filter>シェーダー</Filter>
    </FxCompile>
    <FxCompile Include="Source\gpu_cloud_particle_render_ps.hlsl">
      <Filter>シェーダー</Filter>
    </FxCompile>
    <FxCompile Include="Source\gpu_cloud_particle_render_gs.hlsl">
      <Filter>シェーダー</Filter>
    </FxCompile>
    <FxCompile Include="Source\wing_particle_compute.hlsl">
      <Filter>シェーダー\Compute</Filter>
    </FxCompile>
    <FxCompile Include="Source\gpu_wing_particle_vs.hlsl">
      <Filter>シェーダー</Filter>
    </FxCompile>
  </ItemGroup>
</Project>